{
  "projectId": "kempt-computing-05xj8",
  "appId": "1:757058888175:web:e1fba6e21fbb871e05161a",
  "apiKey": "AIzaSyD9qDmUSDCD1IzqQb-bmLS6vsPbzTZMUqE",
  "authDomain": "kempt-computing-05xj8.firebaseapp.com",
  "storageBucket": "kempt-computing-05xj8.firebasestorage.app",
  "messagingSenderId": "757058888175",
  "measurementId": ""
}